
Microsoft Visual Studio Solution File, Format Version 12.00
# Visual Studio Version 17
VisualStudioVersion = 17.8.34525.116
MinimumVisualStudioVersion = 10.0.40219.1
Project("{FAE04EC0-301F-11D3-BF4B-00C04F79EFBC}") = "TechStore", "TechStore\TechStore.csproj", "{07921999-ADEC-4CA3-87D7-B8F0728EE101}"
EndProject
Global
	GlobalSection(SolutionConfigurationPlatforms) = preSolution
		Debug|Any CPU = Debug|Any CPU
		Release|Any CPU = Release|Any CPU
	EndGlobalSection
	GlobalSection(ProjectConfigurationPlatforms) = postSolution
		{07921999-ADEC-4CA3-87D7-B8F0728EE101}.Debug|Any CPU.ActiveCfg = Debug|Any CPU
		{07921999-ADEC-4CA3-87D7-B8F0728EE101}.Debug|Any CPU.Build.0 = Debug|Any CPU
		{07921999-ADEC-4CA3-87D7-B8F0728EE101}.Release|Any CPU.ActiveCfg = Release|Any CPU
		{07921999-ADEC-4CA3-87D7-B8F0728EE101}.Release|Any CPU.Build.0 = Release|Any CPU
	EndGlobalSection
	GlobalSection(SolutionProperties) = preSolution
		HideSolutionNode = FALSE
	EndGlobalSection
	GlobalSection(ExtensibilityGlobals) = postSolution
		SolutionGuid = {F7DB64D9-58D2-4012-8F7B-AC4965A601F1}
	EndGlobalSection
EndGlobal
